
Microsoft Visual Studio Solution File, Format Version 12.00
# Visual Studio 15
VisualStudioVersion = 15.0.28010.2036
MinimumVisualStudioVersion = 10.0.40219.1
Project("{FAE04EC0-301F-11D3-BF4B-00C04F79EFBC}") = "IdLikeToBuyAVowel", "IdLikeToBuyAVowel\IdLikeToBuyAVowel.csproj", "{BC937608-8200-4B4B-9D79-D5B60583CE7F}"
EndProject
Global
	GlobalSection(SolutionConfigurationPlatforms) = preSolution
		Debug|Any CPU = Debug|Any CPU
		Release|Any CPU = Release|Any CPU
	EndGlobalSection
	GlobalSection(ProjectConfigurationPlatforms) = postSolution
		{BC937608-8200-4B4B-9D79-D5B60583CE7F}.Debug|Any CPU.ActiveCfg = Debug|Any CPU
		{BC937608-8200-4B4B-9D79-D5B60583CE7F}.Debug|Any CPU.Build.0 = Debug|Any CPU
		{BC937608-8200-4B4B-9D79-D5B60583CE7F}.Release|Any CPU.ActiveCfg = Release|Any CPU
		{BC937608-8200-4B4B-9D79-D5B60583CE7F}.Release|Any CPU.Build.0 = Release|Any CPU
	EndGlobalSection
	GlobalSection(SolutionProperties) = preSolution
		HideSolutionNode = FALSE
	EndGlobalSection
	GlobalSection(ExtensibilityGlobals) = postSolution
		SolutionGuid = {591386C0-210A-4EFF-A2D6-4D23493858C8}
	EndGlobalSection
EndGlobal
